
Microsoft Visual Studio Solution File, Format Version 12.00
# Visual Studio Version 16
VisualStudioVersion = 16.0.29409.12
MinimumVisualStudioVersion = 10.0.40219.1
Project("{FAE04EC0-301F-11D3-BF4B-00C04F79EFBC}") = "Lab_3", "Lab_3\Lab_3.csproj", "{E4DA01E1-444B-4BC8-8E1A-D0521BAE62A8}"
EndProject
Global
	GlobalSection(SolutionConfigurationPlatforms) = preSolution
		Debug|Any CPU = Debug|Any CPU
		Release|Any CPU = Release|Any CPU
	EndGlobalSection
	GlobalSection(ProjectConfigurationPlatforms) = postSolution
		{E4DA01E1-444B-4BC8-8E1A-D0521BAE62A8}.Debug|Any CPU.ActiveCfg = Debug|Any CPU
		{E4DA01E1-444B-4BC8-8E1A-D0521BAE62A8}.Debug|Any CPU.Build.0 = Debug|Any CPU
		{E4DA01E1-444B-4BC8-8E1A-D0521BAE62A8}.Release|Any CPU.ActiveCfg = Release|Any CPU
		{E4DA01E1-444B-4BC8-8E1A-D0521BAE62A8}.Release|Any CPU.Build.0 = Release|Any CPU
	EndGlobalSection
	GlobalSection(SolutionProperties) = preSolution
		HideSolutionNode = FALSE
	EndGlobalSection
	GlobalSection(ExtensibilityGlobals) = postSolution
		SolutionGuid = {5142F3D6-0D7C-448F-98FA-D2065ED07376}
	EndGlobalSection
EndGlobal
