
Microsoft Visual Studio Solution File, Format Version 12.00
# Visual Studio Version 16
VisualStudioVersion = 16.0.29409.12
MinimumVisualStudioVersion = 10.0.40219.1
Project("{FAE04EC0-301F-11D3-BF4B-00C04F79EFBC}") = "Lab_5", "Lab_5\Lab_5.csproj", "{D2EBEA59-09E7-45AF-803A-BE66A3975230}"
EndProject
Global
	GlobalSection(SolutionConfigurationPlatforms) = preSolution
		Debug|Any CPU = Debug|Any CPU
		Release|Any CPU = Release|Any CPU
	EndGlobalSection
	GlobalSection(ProjectConfigurationPlatforms) = postSolution
		{D2EBEA59-09E7-45AF-803A-BE66A3975230}.Debug|Any CPU.ActiveCfg = Debug|Any CPU
		{D2EBEA59-09E7-45AF-803A-BE66A3975230}.Debug|Any CPU.Build.0 = Debug|Any CPU
		{D2EBEA59-09E7-45AF-803A-BE66A3975230}.Release|Any CPU.ActiveCfg = Release|Any CPU
		{D2EBEA59-09E7-45AF-803A-BE66A3975230}.Release|Any CPU.Build.0 = Release|Any CPU
	EndGlobalSection
	GlobalSection(SolutionProperties) = preSolution
		HideSolutionNode = FALSE
	EndGlobalSection
	GlobalSection(ExtensibilityGlobals) = postSolution
		SolutionGuid = {1DD83439-E90A-4572-A3F5-058E36DF35B1}
	EndGlobalSection
EndGlobal
